// !$*UTF8*$!
{
	archiveVersion = 1;
	classes = {
	};
	objectVersion = 54;
	objects = {

/* Begin PBXBuildFile section */
		058557BB273AAA24004C7B11 /* Assets.xcassets in Resources */ = {isa = PBXBuildFile; fileRef = 058557BA273AAA24004C7B11 /* Assets.xcassets */; };
		058557D9273AAEEB004C7B11 /* Preview Assets.xcassets in Resources */ = {isa = PBXBuildFile; fileRef = 058557D8273AAEEB004C7B11 /* Preview Assets.xcassets */; };
		2152FB042600AC8F00CF470E /* iOSApp.swift in Sources */ = {isa = PBXBuildFile; fileRef = 2152FB032600AC8F00CF470E /* iOSApp.swift */; };
		3C04A34A2A8239A100DAD24C /* UserManager.swift in Sources */ = {isa = PBXBuildFile; fileRef = 3C04A3492A8239A100DAD24C /* UserManager.swift */; };
		3C04A34E2A82474100DAD24C /* TodoListScreen.swift in Sources */ = {isa = PBXBuildFile; fileRef = 3C04A34D2A82474100DAD24C /* TodoListScreen.swift */; };
		3C04A3502A82478900DAD24C /* SignUpScreen.swift in Sources */ = {isa = PBXBuildFile; fileRef = 3C04A34F2A82478900DAD24C /* SignUpScreen.swift */; };
		3C23B3DB2A838D07004592D5 /* SignUpViewModel.swift in Sources */ = {isa = PBXBuildFile; fileRef = 3C23B3DA2A838D07004592D5 /* SignUpViewModel.swift */; };
		3C24A9D32A84F61700E1B6E3 /* TodoListViewModel.swift in Sources */ = {isa = PBXBuildFile; fileRef = 3C24A9D22A84F61700E1B6E3 /* TodoListViewModel.swift */; };
		3C24A9D92A85F35000E1B6E3 /* FloatingActionButton.swift in Sources */ = {isa = PBXBuildFile; fileRef = 3C24A9D82A85F35000E1B6E3 /* FloatingActionButton.swift */; };
		3C24A9DB2A85F3BD00E1B6E3 /* AppTopbar.swift in Sources */ = {isa = PBXBuildFile; fileRef = 3C24A9DA2A85F3BD00E1B6E3 /* AppTopbar.swift */; };
		3C24A9DD2A85FBD200E1B6E3 /* ColorExtesion.swift in Sources */ = {isa = PBXBuildFile; fileRef = 3C24A9DC2A85FBD200E1B6E3 /* ColorExtesion.swift */; };
		3C24A9E12A8606AD00E1B6E3 /* TaskCategory.swift in Sources */ = {isa = PBXBuildFile; fileRef = 3C24A9E02A8606AD00E1B6E3 /* TaskCategory.swift */; };
		3C24A9E42A86208D00E1B6E3 /* SettingsScreen.swift in Sources */ = {isa = PBXBuildFile; fileRef = 3C24A9E32A86208D00E1B6E3 /* SettingsScreen.swift */; };
		3C24A9E62A8620C100E1B6E3 /* SettingsViewModel.swift in Sources */ = {isa = PBXBuildFile; fileRef = 3C24A9E52A8620C100E1B6E3 /* SettingsViewModel.swift */; };
		3C24A9E82A87205100E1B6E3 /* BytesExtension.swift in Sources */ = {isa = PBXBuildFile; fileRef = 3C24A9E72A87205100E1B6E3 /* BytesExtension.swift */; };
		3C24A9EA2A87CDC800E1B6E3 /* TodoTaskDetailScreen.swift in Sources */ = {isa = PBXBuildFile; fileRef = 3C24A9E92A87CDC800E1B6E3 /* TodoTaskDetailScreen.swift */; };
		3C24A9EC2A87CDD300E1B6E3 /* TodoTaskDetailViewModel.swift in Sources */ = {isa = PBXBuildFile; fileRef = 3C24A9EB2A87CDD300E1B6E3 /* TodoTaskDetailViewModel.swift */; };
		3C6FE8722A93501D00CC88DB /* Pods_TODOList_iOS.framework in Frameworks */ = {isa = PBXBuildFile; fileRef = 26E2A7C9E7BD547FAF4C64E9 /* Pods_TODOList_iOS.framework */; };
		3C72E6A52A839F6900532991 /* DefaultStyles.swift in Sources */ = {isa = PBXBuildFile; fileRef = 3C72E6A42A839F6900532991 /* DefaultStyles.swift */; };
		3C9D13F42A84E7DB00D5FC91 /* DateTimeUtil.swift in Sources */ = {isa = PBXBuildFile; fileRef = 3C9D13F32A84E7DB00D5FC91 /* DateTimeUtil.swift */; };
		3C9D13F62A84ED1E00D5FC91 /* ViewExtension.swift in Sources */ = {isa = PBXBuildFile; fileRef = 3C9D13F52A84ED1E00D5FC91 /* ViewExtension.swift */; };
		3CB84EC92A8E453300913DD1 /* TaskFormSheet.swift in Sources */ = {isa = PBXBuildFile; fileRef = 3CB84EC82A8E453300913DD1 /* TaskFormSheet.swift */; };
		3CB84ECC2A8E459700913DD1 /* TaskFormContract.swift in Sources */ = {isa = PBXBuildFile; fileRef = 3CB84ECB2A8E459700913DD1 /* TaskFormContract.swift */; };
		3CB84ECE2A9059C300913DD1 /* AppDelegate.swift in Sources */ = {isa = PBXBuildFile; fileRef = 3CB84ECD2A9059C300913DD1 /* AppDelegate.swift */; };
		3CB84ED02A91CBA300913DD1 /* Localizable.xcstrings in Resources */ = {isa = PBXBuildFile; fileRef = 3CB84ECF2A91CBA300913DD1 /* Localizable.xcstrings */; };
		3CCD50B12AA9A3EA0096C133 /* SuspendWrapper.swift in Sources */ = {isa = PBXBuildFile; fileRef = 3CCD50B02AA9A3EA0096C133 /* SuspendWrapper.swift */; };
		7555FF83242A565900829871 /* ContentView.swift in Sources */ = {isa = PBXBuildFile; fileRef = 7555FF82242A565900829871 /* ContentView.swift */; };
/* End PBXBuildFile section */

/* Begin PBXFileReference section */
		03BD493642A563575B8506B4 /* Pods-TODOList-iOS.release.xcconfig */ = {isa = PBXFileReference; includeInIndex = 1; lastKnownFileType = text.xcconfig; name = "Pods-TODOList-iOS.release.xcconfig"; path = "Target Support Files/Pods-TODOList-iOS/Pods-TODOList-iOS.release.xcconfig"; sourceTree = "<group>"; };
		058557BA273AAA24004C7B11 /* Assets.xcassets */ = {isa = PBXFileReference; lastKnownFileType = folder.assetcatalog; path = Assets.xcassets; sourceTree = "<group>"; };
		058557D8273AAEEB004C7B11 /* Preview Assets.xcassets */ = {isa = PBXFileReference; lastKnownFileType = folder.assetcatalog; path = "Preview Assets.xcassets"; sourceTree = "<group>"; };
		2152FB032600AC8F00CF470E /* iOSApp.swift */ = {isa = PBXFileReference; lastKnownFileType = sourcecode.swift; path = iOSApp.swift; sourceTree = "<group>"; };
		26E2A7C9E7BD547FAF4C64E9 /* Pods_TODOList_iOS.framework */ = {isa = PBXFileReference; explicitFileType = wrapper.framework; includeInIndex = 0; path = Pods_TODOList_iOS.framework; sourceTree = BUILT_PRODUCTS_DIR; };
		3C04A3492A8239A100DAD24C /* UserManager.swift */ = {isa = PBXFileReference; lastKnownFileType = sourcecode.swift; path = UserManager.swift; sourceTree = "<group>"; };
		3C04A34D2A82474100DAD24C /* TodoListScreen.swift */ = {isa = PBXFileReference; lastKnownFileType = sourcecode.swift; path = TodoListScreen.swift; sourceTree = "<group>"; };
		3C04A34F2A82478900DAD24C /* SignUpScreen.swift */ = {isa = PBXFileReference; lastKnownFileType = sourcecode.swift; path = SignUpScreen.swift; sourceTree = "<group>"; };
		3C23B3DA2A838D07004592D5 /* SignUpViewModel.swift */ = {isa = PBXFileReference; lastKnownFileType = sourcecode.swift; path = SignUpViewModel.swift; sourceTree = "<group>"; };
		3C24A9D22A84F61700E1B6E3 /* TodoListViewModel.swift */ = {isa = PBXFileReference; lastKnownFileType = sourcecode.swift; path = TodoListViewModel.swift; sourceTree = "<group>"; };
		3C24A9D82A85F35000E1B6E3 /* FloatingActionButton.swift */ = {isa = PBXFileReference; lastKnownFileType = sourcecode.swift; path = FloatingActionButton.swift; sourceTree = "<group>"; };
		3C24A9DA2A85F3BD00E1B6E3 /* AppTopbar.swift */ = {isa = PBXFileReference; lastKnownFileType = sourcecode.swift; path = AppTopbar.swift; sourceTree = "<group>"; };
		3C24A9DC2A85FBD200E1B6E3 /* ColorExtesion.swift */ = {isa = PBXFileReference; lastKnownFileType = sourcecode.swift; path = ColorExtesion.swift; sourceTree = "<group>"; };
		3C24A9E02A8606AD00E1B6E3 /* TaskCategory.swift */ = {isa = PBXFileReference; lastKnownFileType = sourcecode.swift; path = TaskCategory.swift; sourceTree = "<group>"; };
		3C24A9E32A86208D00E1B6E3 /* SettingsScreen.swift */ = {isa = PBXFileReference; lastKnownFileType = sourcecode.swift; path = SettingsScreen.swift; sourceTree = "<group>"; };
		3C24A9E52A8620C100E1B6E3 /* SettingsViewModel.swift */ = {isa = PBXFileReference; lastKnownFileType = sourcecode.swift; path = SettingsViewModel.swift; sourceTree = "<group>"; };
		3C24A9E72A87205100E1B6E3 /* BytesExtension.swift */ = {isa = PBXFileReference; lastKnownFileType = sourcecode.swift; path = BytesExtension.swift; sourceTree = "<group>"; };
		3C24A9E92A87CDC800E1B6E3 /* TodoTaskDetailScreen.swift */ = {isa = PBXFileReference; lastKnownFileType = sourcecode.swift; path = TodoTaskDetailScreen.swift; sourceTree = "<group>"; };
		3C24A9EB2A87CDD300E1B6E3 /* TodoTaskDetailViewModel.swift */ = {isa = PBXFileReference; lastKnownFileType = sourcecode.swift; path = TodoTaskDetailViewModel.swift; sourceTree = "<group>"; };
		3C72E6A42A839F6900532991 /* DefaultStyles.swift */ = {isa = PBXFileReference; lastKnownFileType = sourcecode.swift; path = DefaultStyles.swift; sourceTree = "<group>"; };
		3C9D13F32A84E7DB00D5FC91 /* DateTimeUtil.swift */ = {isa = PBXFileReference; lastKnownFileType = sourcecode.swift; path = DateTimeUtil.swift; sourceTree = "<group>"; };
		3C9D13F52A84ED1E00D5FC91 /* ViewExtension.swift */ = {isa = PBXFileReference; lastKnownFileType = sourcecode.swift; path = ViewExtension.swift; sourceTree = "<group>"; };
		3CB84EC82A8E453300913DD1 /* TaskFormSheet.swift */ = {isa = PBXFileReference; lastKnownFileType = sourcecode.swift; path = TaskFormSheet.swift; sourceTree = "<group>"; };
		3CB84ECB2A8E459700913DD1 /* TaskFormContract.swift */ = {isa = PBXFileReference; lastKnownFileType = sourcecode.swift; path = TaskFormContract.swift; sourceTree = "<group>"; };
		3CB84ECD2A9059C300913DD1 /* AppDelegate.swift */ = {isa = PBXFileReference; lastKnownFileType = sourcecode.swift; path = AppDelegate.swift; sourceTree = "<group>"; };
		3CB84ECF2A91CBA300913DD1 /* Localizable.xcstrings */ = {isa = PBXFileReference; lastKnownFileType = text.json.xcstrings; path = Localizable.xcstrings; sourceTree = "<group>"; };
		3CCD50B02AA9A3EA0096C133 /* SuspendWrapper.swift */ = {isa = PBXFileReference; lastKnownFileType = sourcecode.swift; path = SuspendWrapper.swift; sourceTree = "<group>"; };
		7555FF7B242A565900829871 /* TODOList-iOS.app */ = {isa = PBXFileReference; explicitFileType = wrapper.application; includeInIndex = 0; path = "TODOList-iOS.app"; sourceTree = BUILT_PRODUCTS_DIR; };
		7555FF82242A565900829871 /* ContentView.swift */ = {isa = PBXFileReference; lastKnownFileType = sourcecode.swift; path = ContentView.swift; sourceTree = "<group>"; };
		7555FF8C242A565B00829871 /* Info.plist */ = {isa = PBXFileReference; lastKnownFileType = text.plist.xml; path = Info.plist; sourceTree = "<group>"; };
		8ED3DEE18319A9F65C5FD45C /* Pods-TODOList-iOS.debug.xcconfig */ = {isa = PBXFileReference; includeInIndex = 1; lastKnownFileType = text.xcconfig; name = "Pods-TODOList-iOS.debug.xcconfig"; path = "Target Support Files/Pods-TODOList-iOS/Pods-TODOList-iOS.debug.xcconfig"; sourceTree = "<group>"; };
/* End PBXFileReference section */

/* Begin PBXFrameworksBuildPhase section */
		E8853B53960E0AEE7EF12DCE /* Frameworks */ = {
			isa = PBXFrameworksBuildPhase;
			buildActionMask = 2147483647;
			files = (
				3C6FE8722A93501D00CC88DB /* Pods_TODOList_iOS.framework in Frameworks */,
			);
			runOnlyForDeploymentPostprocessing = 0;
		};
/* End PBXFrameworksBuildPhase section */

/* Begin PBXGroup section */
		058557D7273AAEEB004C7B11 /* Preview Content */ = {
			isa = PBXGroup;
			children = (
				058557D8273AAEEB004C7B11 /* Preview Assets.xcassets */,
			);
			path = "Preview Content";
			sourceTree = "<group>";
		};
		2A9A56018584A57729B38778 /* Frameworks */ = {
			isa = PBXGroup;
			children = (
				26E2A7C9E7BD547FAF4C64E9 /* Pods_TODOList_iOS.framework */,
			);
			name = Frameworks;
			sourceTree = "<group>";
		};
		3C04A34C2A82470F00DAD24C /* sign_up */ = {
			isa = PBXGroup;
			children = (
				3C04A34F2A82478900DAD24C /* SignUpScreen.swift */,
				3C23B3DA2A838D07004592D5 /* SignUpViewModel.swift */,
			);
			path = sign_up;
			sourceTree = "<group>";
		};
		3C24A9DE2A86069800E1B6E3 /* enum */ = {
			isa = PBXGroup;
			children = (
				3C24A9E02A8606AD00E1B6E3 /* TaskCategory.swift */,
			);
			path = enum;
			sourceTree = "<group>";
		};
		3C24A9E22A86207B00E1B6E3 /* settings */ = {
			isa = PBXGroup;
			children = (
				3C24A9E32A86208D00E1B6E3 /* SettingsScreen.swift */,
				3C24A9E52A8620C100E1B6E3 /* SettingsViewModel.swift */,
			);
			path = settings;
			sourceTree = "<group>";
		};
		3C5E92C52A7CC65300CAEC2D /* todo_list */ = {
			isa = PBXGroup;
			children = (
				3C04A34D2A82474100DAD24C /* TodoListScreen.swift */,
				3C24A9D22A84F61700E1B6E3 /* TodoListViewModel.swift */,
			);
			path = todo_list;
			sourceTree = "<group>";
		};
		3C5E92C62A7CC66600CAEC2D /* edit_sheet */ = {
			isa = PBXGroup;
			children = (
				3CB84ECB2A8E459700913DD1 /* TaskFormContract.swift */,
				3CB84EC82A8E453300913DD1 /* TaskFormSheet.swift */,
			);
			path = edit_sheet;
			sourceTree = "<group>";
		};
		3C5E92C72A7CC66F00CAEC2D /* todo_detail */ = {
			isa = PBXGroup;
			children = (
				3C24A9E92A87CDC800E1B6E3 /* TodoTaskDetailScreen.swift */,
				3C24A9EB2A87CDD300E1B6E3 /* TodoTaskDetailViewModel.swift */,
			);
			path = todo_detail;
			sourceTree = "<group>";
		};
		3C72E6A32A839F5600532991 /* components */ = {
			isa = PBXGroup;
			children = (
				3C72E6A42A839F6900532991 /* DefaultStyles.swift */,
				3C9D13F52A84ED1E00D5FC91 /* ViewExtension.swift */,
				3C24A9D82A85F35000E1B6E3 /* FloatingActionButton.swift */,
				3C24A9DA2A85F3BD00E1B6E3 /* AppTopbar.swift */,
			);
			path = components;
			sourceTree = "<group>";
		};
		3C9D13F22A84E7C900D5FC91 /* common */ = {
			isa = PBXGroup;
			children = (
				3C9D13F32A84E7DB00D5FC91 /* DateTimeUtil.swift */,
				3C24A9DC2A85FBD200E1B6E3 /* ColorExtesion.swift */,
				3C24A9E72A87205100E1B6E3 /* BytesExtension.swift */,
			);
			path = common;
			sourceTree = "<group>";
		};
		3CCD50AF2AA9A3CB0096C133 /* helper */ = {
			isa = PBXGroup;
			children = (
				3CCD50B02AA9A3EA0096C133 /* SuspendWrapper.swift */,
			);
			path = helper;
			sourceTree = "<group>";
		};
		5A80D7BE124C62E0792F7592 /* Pods */ = {
			isa = PBXGroup;
			children = (
				8ED3DEE18319A9F65C5FD45C /* Pods-TODOList-iOS.debug.xcconfig */,
				03BD493642A563575B8506B4 /* Pods-TODOList-iOS.release.xcconfig */,
			);
			path = Pods;
			sourceTree = "<group>";
		};
		7555FF72242A565900829871 = {
			isa = PBXGroup;
			children = (
				3CB84ECF2A91CBA300913DD1 /* Localizable.xcstrings */,
				7555FF7D242A565900829871 /* TODOList-iOS */,
				7555FF7C242A565900829871 /* Products */,
				5A80D7BE124C62E0792F7592 /* Pods */,
				2A9A56018584A57729B38778 /* Frameworks */,
			);
			sourceTree = "<group>";
		};
		7555FF7C242A565900829871 /* Products */ = {
			isa = PBXGroup;
			children = (
				7555FF7B242A565900829871 /* TODOList-iOS.app */,
			);
			name = Products;
			sourceTree = "<group>";
		};
		7555FF7D242A565900829871 /* TODOList-iOS */ = {
			isa = PBXGroup;
			children = (
				3CCD50AF2AA9A3CB0096C133 /* helper */,
				7555FF8C242A565B00829871 /* Info.plist */,
				3CB84ECD2A9059C300913DD1 /* AppDelegate.swift */,
				7555FF82242A565900829871 /* ContentView.swift */,
				2152FB032600AC8F00CF470E /* iOSApp.swift */,
				3C04A3492A8239A100DAD24C /* UserManager.swift */,
				058557BA273AAA24004C7B11 /* Assets.xcassets */,
				3C9D13F22A84E7C900D5FC91 /* common */,
				3C72E6A32A839F5600532991 /* components */,
				3C5E92C62A7CC66600CAEC2D /* edit_sheet */,
				3C24A9DE2A86069800E1B6E3 /* enum */,
				058557D7273AAEEB004C7B11 /* Preview Content */,
				3C24A9E22A86207B00E1B6E3 /* settings */,
				3C04A34C2A82470F00DAD24C /* sign_up */,
				3C5E92C72A7CC66F00CAEC2D /* todo_detail */,
				3C5E92C52A7CC65300CAEC2D /* todo_list */,
			);
			path = "TODOList-iOS";
			sourceTree = "<group>";
		};
/* End PBXGroup section */

/* Begin PBXNativeTarget section */
		7555FF7A242A565900829871 /* TODOList-iOS */ = {
			isa = PBXNativeTarget;
			buildConfigurationList = 7555FFA5242A565B00829871 /* Build configuration list for PBXNativeTarget "TODOList-iOS" */;
			buildPhases = (
				B77C97184E21F15E39DB3EA8 /* [CP] Check Pods Manifest.lock */,
				7555FF77242A565900829871 /* Sources */,
				7555FF79242A565900829871 /* Resources */,
				E8853B53960E0AEE7EF12DCE /* Frameworks */,
				C10DDBEA84D1524C0F67FEA3 /* [CP] Embed Pods Frameworks */,
			);
			buildRules = (
			);
			dependencies = (
			);
			name = "TODOList-iOS";
			productName = "TODOList-iOS";
			productReference = 7555FF7B242A565900829871 /* TODOList-iOS.app */;
			productType = "com.apple.product-type.application";
		};
/* End PBXNativeTarget section */

/* Begin PBXProject section */
		7555FF73242A565900829871 /* Project object */ = {
			isa = PBXProject;
			attributes = {
				LastSwiftUpdateCheck = 1130;
				LastUpgradeCheck = 1130;
				ORGANIZATIONNAME = orgName;
				TargetAttributes = {
					7555FF7A242A565900829871 = {
						CreatedOnToolsVersion = 11.3.1;
					};
				};
			};
			buildConfigurationList = 7555FF76242A565900829871 /* Build configuration list for PBXProject "TODOList-iOS" */;
			compatibilityVersion = "Xcode 9.3";
			developmentRegion = en;
			hasScannedForEncodings = 0;
			knownRegions = (
				en,
				"zh-Hans",
				Base,
			);
			mainGroup = 7555FF72242A565900829871;
			productRefGroup = 7555FF7C242A565900829871 /* Products */;
			projectDirPath = "";
			projectRoot = "";
			targets = (
				7555FF7A242A565900829871 /* TODOList-iOS */,
			);
		};
/* End PBXProject section */

/* Begin PBXResourcesBuildPhase section */
		7555FF79242A565900829871 /* Resources */ = {
			isa = PBXResourcesBuildPhase;
			buildActionMask = 2147483647;
			files = (
				058557D9273AAEEB004C7B11 /* Preview Assets.xcassets in Resources */,
				058557BB273AAA24004C7B11 /* Assets.xcassets in Resources */,
				3CB84ED02A91CBA300913DD1 /* Localizable.xcstrings in Resources */,
			);
			runOnlyForDeploymentPostprocessing = 0;
		};
/* End PBXResourcesBuildPhase section */

/* Begin PBXShellScriptBuildPhase section */
		B77C97184E21F15E39DB3EA8 /* [CP] Check Pods Manifest.lock */ = {
			isa = PBXShellScriptBuildPhase;
			buildActionMask = 2147483647;
			files = (
			);
			inputFileListPaths = (
			);
			inputPaths = (
				"${PODS_PODFILE_DIR_PATH}/Podfile.lock",
				"${PODS_ROOT}/Manifest.lock",
			);
			name = "[CP] Check Pods Manifest.lock";
			outputFileListPaths = (
			);
			outputPaths = (
				"$(DERIVED_FILE_DIR)/Pods-TODOList-iOS-checkManifestLockResult.txt",
			);
			runOnlyForDeploymentPostprocessing = 0;
			shellPath = /bin/sh;
			shellScript = "diff \"${PODS_PODFILE_DIR_PATH}/Podfile.lock\" \"${PODS_ROOT}/Manifest.lock\" > /dev/null\nif [ $? != 0 ] ; then\n    # print error to STDERR\n    echo \"error: The sandbox is not in sync with the Podfile.lock. Run 'pod install' or update your CocoaPods installation.\" >&2\n    exit 1\nfi\n# This output is used by Xcode 'outputs' to avoid re-running this script phase.\necho \"SUCCESS\" > \"${SCRIPT_OUTPUT_FILE_0}\"\n";
			showEnvVarsInLog = 0;
		};
		C10DDBEA84D1524C0F67FEA3 /* [CP] Embed Pods Frameworks */ = {
			isa = PBXShellScriptBuildPhase;
			buildActionMask = 2147483647;
			files = (
			);
			inputFileListPaths = (
				"${PODS_ROOT}/Target Support Files/Pods-TODOList-iOS/Pods-TODOList-iOS-frameworks-${CONFIGURATION}-input-files.xcfilelist",
			);
			name = "[CP] Embed Pods Frameworks";
			outputFileListPaths = (
				"${PODS_ROOT}/Target Support Files/Pods-TODOList-iOS/Pods-TODOList-iOS-frameworks-${CONFIGURATION}-output-files.xcfilelist",
			);
			runOnlyForDeploymentPostprocessing = 0;
			shellPath = /bin/sh;
			shellScript = "\"${PODS_ROOT}/Target Support Files/Pods-TODOList-iOS/Pods-TODOList-iOS-frameworks.sh\"\n";
			showEnvVarsInLog = 0;
		};
/* End PBXShellScriptBuildPhase section */

/* Begin PBXSourcesBuildPhase section */
		7555FF77242A565900829871 /* Sources */ = {
			isa = PBXSourcesBuildPhase;
			buildActionMask = 2147483647;
			files = (
				3CB84ECE2A9059C300913DD1 /* AppDelegate.swift in Sources */,
				3C9D13F62A84ED1E00D5FC91 /* ViewExtension.swift in Sources */,
				3C9D13F42A84E7DB00D5FC91 /* DateTimeUtil.swift in Sources */,
				3C04A3502A82478900DAD24C /* SignUpScreen.swift in Sources */,
				3C24A9E82A87205100E1B6E3 /* BytesExtension.swift in Sources */,
				3CB84ECC2A8E459700913DD1 /* TaskFormContract.swift in Sources */,
				3C04A34A2A8239A100DAD24C /* UserManager.swift in Sources */,
				3C24A9D32A84F61700E1B6E3 /* TodoListViewModel.swift in Sources */,
				3C24A9DB2A85F3BD00E1B6E3 /* AppTopbar.swift in Sources */,
				3CCD50B12AA9A3EA0096C133 /* SuspendWrapper.swift in Sources */,
				3C04A34E2A82474100DAD24C /* TodoListScreen.swift in Sources */,
				3C24A9D92A85F35000E1B6E3 /* FloatingActionButton.swift in Sources */,
				3C72E6A52A839F6900532991 /* DefaultStyles.swift in Sources */,
				2152FB042600AC8F00CF470E /* iOSApp.swift in Sources */,
				3C24A9E42A86208D00E1B6E3 /* SettingsScreen.swift in Sources */,
				3C24A9DD2A85FBD200E1B6E3 /* ColorExtesion.swift in Sources */,
				3C24A9EC2A87CDD300E1B6E3 /* TodoTaskDetailViewModel.swift in Sources */,
				3C23B3DB2A838D07004592D5 /* SignUpViewModel.swift in Sources */,
				3C24A9E12A8606AD00E1B6E3 /* TaskCategory.swift in Sources */,
				3C24A9EA2A87CDC800E1B6E3 /* TodoTaskDetailScreen.swift in Sources */,
				3CB84EC92A8E453300913DD1 /* TaskFormSheet.swift in Sources */,
				7555FF83242A565900829871 /* ContentView.swift in Sources */,
				3C24A9E62A8620C100E1B6E3 /* SettingsViewModel.swift in Sources */,
			);
			runOnlyForDeploymentPostprocessing = 0;
		};
/* End PBXSourcesBuildPhase section */

/* Begin XCBuildConfiguration section */
		7555FFA3242A565B00829871 /* Debug */ = {
			isa = XCBuildConfiguration;
			buildSettings = {
				ALWAYS_SEARCH_USER_PATHS = NO;
				ASSETCATALOG_COMPILER_GLOBAL_ACCENT_COLOR_NAME = AccentColor;
				CLANG_ANALYZER_NONNULL = YES;
				CLANG_ANALYZER_NUMBER_OBJECT_CONVERSION = YES_AGGRESSIVE;
				CLANG_CXX_LANGUAGE_STANDARD = "gnu++14";
				CLANG_CXX_LIBRARY = "libc++";
				CLANG_ENABLE_MODULES = YES;
				CLANG_ENABLE_OBJC_ARC = YES;
				CLANG_ENABLE_OBJC_WEAK = YES;
				CLANG_WARN_BLOCK_CAPTURE_AUTORELEASING = YES;
				CLANG_WARN_BOOL_CONVERSION = YES;
				CLANG_WARN_COMMA = YES;
				CLANG_WARN_CONSTANT_CONVERSION = YES;
				CLANG_WARN_DEPRECATED_OBJC_IMPLEMENTATIONS = YES;
				CLANG_WARN_DIRECT_OBJC_ISA_USAGE = YES_ERROR;
				CLANG_WARN_DOCUMENTATION_COMMENTS = YES;
				CLANG_WARN_EMPTY_BODY = YES;
				CLANG_WARN_ENUM_CONVERSION = YES;
				CLANG_WARN_INFINITE_RECURSION = YES;
				CLANG_WARN_INT_CONVERSION = YES;
				CLANG_WARN_NON_LITERAL_NULL_CONVERSION = YES;
				CLANG_WARN_OBJC_IMPLICIT_RETAIN_SELF = YES;
				CLANG_WARN_OBJC_LITERAL_CONVERSION = YES;
				CLANG_WARN_OBJC_ROOT_CLASS = YES_ERROR;
				CLANG_WARN_QUOTED_INCLUDE_IN_FRAMEWORK_HEADER = YES;
				CLANG_WARN_RANGE_LOOP_ANALYSIS = YES;
				CLANG_WARN_STRICT_PROTOTYPES = YES;
				CLANG_WARN_SUSPICIOUS_MOVE = YES;
				CLANG_WARN_UNGUARDED_AVAILABILITY = YES_AGGRESSIVE;
				CLANG_WARN_UNREACHABLE_CODE = YES;
				CLANG_WARN__DUPLICATE_METHOD_MATCH = YES;
				COPY_PHASE_STRIP = NO;
				DEBUG_INFORMATION_FORMAT = "dwarf-with-dsym";
				ENABLE_STRICT_OBJC_MSGSEND = YES;
				ENABLE_TESTABILITY = YES;
				GCC_C_LANGUAGE_STANDARD = gnu11;
				GCC_DYNAMIC_NO_PIC = NO;
				GCC_NO_COMMON_BLOCKS = YES;
				GCC_OPTIMIZATION_LEVEL = 0;
				GCC_PREPROCESSOR_DEFINITIONS = (
					"DEBUG=1",
					"$(inherited)",
				);
				GCC_WARN_64_TO_32_BIT_CONVERSION = YES;
				GCC_WARN_ABOUT_RETURN_TYPE = YES_ERROR;
				GCC_WARN_UNDECLARED_SELECTOR = YES;
				GCC_WARN_UNINITIALIZED_AUTOS = YES_AGGRESSIVE;
				GCC_WARN_UNUSED_FUNCTION = YES;
				GCC_WARN_UNUSED_VARIABLE = YES;
				IPHONEOS_DEPLOYMENT_TARGET = 16.0;
				MTL_ENABLE_DEBUG_INFO = INCLUDE_SOURCE;
				MTL_FAST_MATH = YES;
				ONLY_ACTIVE_ARCH = YES;
				SDKROOT = iphoneos;
				SWIFT_ACTIVE_COMPILATION_CONDITIONS = DEBUG;
				SWIFT_OPTIMIZATION_LEVEL = "-Onone";
			};
			name = Debug;
		};
		7555FFA4242A565B00829871 /* Release */ = {
			isa = XCBuildConfiguration;
			buildSettings = {
				ALWAYS_SEARCH_USER_PATHS = NO;
				ASSETCATALOG_COMPILER_GLOBAL_ACCENT_COLOR_NAME = AccentColor;
				CLANG_ANALYZER_NONNULL = YES;
				CLANG_ANALYZER_NUMBER_OBJECT_CONVERSION = YES_AGGRESSIVE;
				CLANG_CXX_LANGUAGE_STANDARD = "gnu++14";
				CLANG_CXX_LIBRARY = "libc++";
				CLANG_ENABLE_MODULES = YES;
				CLANG_ENABLE_OBJC_ARC = YES;
				CLANG_ENABLE_OBJC_WEAK = YES;
				CLANG_WARN_BLOCK_CAPTURE_AUTORELEASING = YES;
				CLANG_WARN_BOOL_CONVERSION = YES;
				CLANG_WARN_COMMA = YES;
				CLANG_WARN_CONSTANT_CONVERSION = YES;
				CLANG_WARN_DEPRECATED_OBJC_IMPLEMENTATIONS = YES;
				CLANG_WARN_DIRECT_OBJC_ISA_USAGE = YES_ERROR;
				CLANG_WARN_DOCUMENTATION_COMMENTS = YES;
				CLANG_WARN_EMPTY_BODY = YES;
				CLANG_WARN_ENUM_CONVERSION = YES;
				CLANG_WARN_INFINITE_RECURSION = YES;
				CLANG_WARN_INT_CONVERSION = YES;
				CLANG_WARN_NON_LITERAL_NULL_CONVERSION = YES;
				CLANG_WARN_OBJC_IMPLICIT_RETAIN_SELF = YES;
				CLANG_WARN_OBJC_LITERAL_CONVERSION = YES;
				CLANG_WARN_OBJC_ROOT_CLASS = YES_ERROR;
				CLANG_WARN_QUOTED_INCLUDE_IN_FRAMEWORK_HEADER = YES;
				CLANG_WARN_RANGE_LOOP_ANALYSIS = YES;
				CLANG_WARN_STRICT_PROTOTYPES = YES;
				CLANG_WARN_SUSPICIOUS_MOVE = YES;
				CLANG_WARN_UNGUARDED_AVAILABILITY = YES_AGGRESSIVE;
				CLANG_WARN_UNREACHABLE_CODE = YES;
				CLANG_WARN__DUPLICATE_METHOD_MATCH = YES;
				COPY_PHASE_STRIP = NO;
				DEBUG_INFORMATION_FORMAT = "dwarf-with-dsym";
				ENABLE_NS_ASSERTIONS = NO;
				ENABLE_STRICT_OBJC_MSGSEND = YES;
				GCC_C_LANGUAGE_STANDARD = gnu11;
				GCC_NO_COMMON_BLOCKS = YES;
				GCC_WARN_64_TO_32_BIT_CONVERSION = YES;
				GCC_WARN_ABOUT_RETURN_TYPE = YES_ERROR;
				GCC_WARN_UNDECLARED_SELECTOR = YES;
				GCC_WARN_UNINITIALIZED_AUTOS = YES_AGGRESSIVE;
				GCC_WARN_UNUSED_FUNCTION = YES;
				GCC_WARN_UNUSED_VARIABLE = YES;
				IPHONEOS_DEPLOYMENT_TARGET = 16.0;
				MTL_ENABLE_DEBUG_INFO = NO;
				MTL_FAST_MATH = YES;
				ONLY_ACTIVE_ARCH = NO;
				SDKROOT = iphoneos;
				SWIFT_COMPILATION_MODE = wholemodule;
				SWIFT_OPTIMIZATION_LEVEL = "-O";
				VALIDATE_PRODUCT = YES;
			};
			name = Release;
		};
		7555FFA6242A565B00829871 /* Debug */ = {
			isa = XCBuildConfiguration;
			baseConfigurationReference = 8ED3DEE18319A9F65C5FD45C /* Pods-TODOList-iOS.debug.xcconfig */;
			buildSettings = {
				ASSETCATALOG_COMPILER_APPICON_NAME = AppIcon;
				CODE_SIGN_STYLE = Automatic;
				DEVELOPMENT_ASSET_PATHS = "\"TODOList-iOS/Preview Content\"";
				DEVELOPMENT_TEAM = 6JF6SLX7QS;
				ENABLE_PREVIEWS = YES;
				INFOPLIST_FILE = "TODOList-iOS/Info.plist";
				LD_RUNPATH_SEARCH_PATHS = (
					"$(inherited)",
					"@executable_path/Frameworks",
				);
				OTHER_LDFLAGS = (
					"$(inherited)",
					"-ObjC",
					"-l\"c++\"",
					"-framework",
					"\"data\"",
					"-lsqlite3",
				);
				PRODUCT_BUNDLE_IDENTIFIER = "orgIdentifier.TODOList-iOS";
				PRODUCT_NAME = "$(TARGET_NAME)";
				SWIFT_VERSION = 5.0;
				TARGETED_DEVICE_FAMILY = "1,2";
			};
			name = Debug;
		};
		7555FFA7242A565B00829871 /* Release */ = {
			isa = XCBuildConfiguration;
			baseConfigurationReference = 03BD493642A563575B8506B4 /* Pods-TODOList-iOS.release.xcconfig */;
			buildSettings = {
				ASSETCATALOG_COMPILER_APPICON_NAME = AppIcon;
				CODE_SIGN_STYLE = Automatic;
				DEVELOPMENT_ASSET_PATHS = "\"TODOList-iOS/Preview Content\"";
				DEVELOPMENT_TEAM = 6JF6SLX7QS;
				ENABLE_PREVIEWS = YES;
				INFOPLIST_FILE = "TODOList-iOS/Info.plist";
				LD_RUNPATH_SEARCH_PATHS = (
					"$(inherited)",
					"@executable_path/Frameworks",
				);
				OTHER_LDFLAGS = (
					"$(inherited)",
					"-ObjC",
					"-l\"c++\"",
					"-framework",
					"\"data\"",
					"-lsqlite3",
				);
				PRODUCT_BUNDLE_IDENTIFIER = "orgIdentifier.TODOList-iOS";
				PRODUCT_NAME = "$(TARGET_NAME)";
				SWIFT_VERSION = 5.0;
				TARGETED_DEVICE_FAMILY = "1,2";
			};
			name = Release;
		};
/* End XCBuildConfiguration section */

/* Begin XCConfigurationList section */
		7555FF76242A565900829871 /* Build configuration list for PBXProject "TODOList-iOS" */ = {
			isa = XCConfigurationList;
			buildConfigurations = (
				7555FFA3242A565B00829871 /* Debug */,
				7555FFA4242A565B00829871 /* Release */,
			);
			defaultConfigurationIsVisible = 0;
			defaultConfigurationName = Release;
		};
		7555FFA5242A565B00829871 /* Build configuration list for PBXNativeTarget "TODOList-iOS" */ = {
			isa = XCConfigurationList;
			buildConfigurations = (
				7555FFA6242A565B00829871 /* Debug */,
				7555FFA7242A565B00829871 /* Release */,
			);
			defaultConfigurationIsVisible = 0;
			defaultConfigurationName = Release;
		};
/* End XCConfigurationList section */
	};
	rootObject = 7555FF73242A565900829871 /* Project object */;
}
